
Microsoft Visual Studio Solution File, Format Version 12.00
# Visual Studio Version 16
VisualStudioVersion = 16.0.33529.622
MinimumVisualStudioVersion = 10.0.40219.1
Project("{FAE04EC0-301F-11D3-BF4B-00C04F79EFBC}") = "FODFailureLogAutomation", "FODFailureLogAutomation\FODFailureLogAutomation.csproj", "{10835238-2239-4521-9FD0-B2BB5663EA4F}"
EndProject
Global
	GlobalSection(SolutionConfigurationPlatforms) = preSolution
		Debug|Any CPU = Debug|Any CPU
		Release|Any CPU = Release|Any CPU
	EndGlobalSection
	GlobalSection(ProjectConfigurationPlatforms) = postSolution
		{10835238-2239-4521-9FD0-B2BB5663EA4F}.Debug|Any CPU.ActiveCfg = Debug|Any CPU
		{10835238-2239-4521-9FD0-B2BB5663EA4F}.Debug|Any CPU.Build.0 = Debug|Any CPU
		{10835238-2239-4521-9FD0-B2BB5663EA4F}.Release|Any CPU.ActiveCfg = Release|Any CPU
		{10835238-2239-4521-9FD0-B2BB5663EA4F}.Release|Any CPU.Build.0 = Release|Any CPU
	EndGlobalSection
	GlobalSection(SolutionProperties) = preSolution
		HideSolutionNode = FALSE
	EndGlobalSection
	GlobalSection(ExtensibilityGlobals) = postSolution
		SolutionGuid = {B6000E84-2F61-4643-9348-9405D1B674A5}
	EndGlobalSection
EndGlobal
